
Microsoft Visual Studio Solution File, Format Version 12.00
# Visual Studio 15
VisualStudioVersion = 15.0.28307.1145
MinimumVisualStudioVersion = 10.0.40219.1
Project("{9A19103F-16F7-4668-BE54-9A1E7A4F7556}") = "CoreRepository", "CoreRepository\CoreRepository.csproj", "{F23E1964-1B86-476D-BEE0-7EE9C14CD4E5}"
EndProject
Project("{FAE04EC0-301F-11D3-BF4B-00C04F79EFBC}") = "CoreBusiness", "CoreBusiness\CoreBusiness.csproj", "{CC5D2BAB-5366-4F1D-B07A-36E512E97C1A}"
EndProject
Global
	GlobalSection(SolutionConfigurationPlatforms) = preSolution
		Debug|Any CPU = Debug|Any CPU
		Release|Any CPU = Release|Any CPU
	EndGlobalSection
	GlobalSection(ProjectConfigurationPlatforms) = postSolution
		{F23E1964-1B86-476D-BEE0-7EE9C14CD4E5}.Debug|Any CPU.ActiveCfg = Debug|Any CPU
		{F23E1964-1B86-476D-BEE0-7EE9C14CD4E5}.Debug|Any CPU.Build.0 = Debug|Any CPU
		{F23E1964-1B86-476D-BEE0-7EE9C14CD4E5}.Release|Any CPU.ActiveCfg = Release|Any CPU
		{F23E1964-1B86-476D-BEE0-7EE9C14CD4E5}.Release|Any CPU.Build.0 = Release|Any CPU
		{CC5D2BAB-5366-4F1D-B07A-36E512E97C1A}.Debug|Any CPU.ActiveCfg = Debug|Any CPU
		{CC5D2BAB-5366-4F1D-B07A-36E512E97C1A}.Debug|Any CPU.Build.0 = Debug|Any CPU
		{CC5D2BAB-5366-4F1D-B07A-36E512E97C1A}.Release|Any CPU.ActiveCfg = Release|Any CPU
		{CC5D2BAB-5366-4F1D-B07A-36E512E97C1A}.Release|Any CPU.Build.0 = Release|Any CPU
	EndGlobalSection
	GlobalSection(SolutionProperties) = preSolution
		HideSolutionNode = FALSE
	EndGlobalSection
	GlobalSection(ExtensibilityGlobals) = postSolution
		SolutionGuid = {91F0659E-2429-48CA-9EC2-2F150205D4CB}
	EndGlobalSection
EndGlobal
